PODS:
  - ActionSheetPicker-3.0 (2.3.0)

DEPENDENCIES:
  - ActionSheetPicker-3.0

SPEC REPOS:
  https://github.com/cocoapods/specs.git:
    - ActionSheetPicker-3.0

SPEC CHECKSUMS:
  ActionSheetPicker-3.0: eef157d75e151f255c5333d26656c7fbfe905a51

PODFILE CHECKSUM: 4547285e9e1567b46855fc5b4484178838f1a5a6

COCOAPODS: 1.5.3
